
Microsoft Visual Studio Solution File, Format Version 12.00
# Visual Studio Version 16
VisualStudioVersion = 16.0.31702.278
MinimumVisualStudioVersion = 10.0.40219.1
Project("{FAE04EC0-301F-11D3-BF4B-00C04F79EFBC}") = "WebApp", "WebApp\WebApp.csproj", "{C958C262-E86F-4FF0-91E9-6D9EB5083B5F}"
EndProject
Global
	GlobalSection(SolutionConfigurationPlatforms) = preSolution
		Debug|Any CPU = Debug|Any CPU
		Release|Any CPU = Release|Any CPU
	EndGlobalSection
	GlobalSection(ProjectConfigurationPlatforms) = postSolution
		{C958C262-E86F-4FF0-91E9-6D9EB5083B5F}.Debug|Any CPU.ActiveCfg = Debug|Any CPU
		{C958C262-E86F-4FF0-91E9-6D9EB5083B5F}.Debug|Any CPU.Build.0 = Debug|Any CPU
		{C958C262-E86F-4FF0-91E9-6D9EB5083B5F}.Release|Any CPU.ActiveCfg = Release|Any CPU
		{C958C262-E86F-4FF0-91E9-6D9EB5083B5F}.Release|Any CPU.Build.0 = Release|Any CPU
	EndGlobalSection
	GlobalSection(SolutionProperties) = preSolution
		HideSolutionNode = FALSE
	EndGlobalSection
	GlobalSection(ExtensibilityGlobals) = postSolution
		SolutionGuid = {CBC78D22-DAFD-4A44-95FD-0B6CBFD94A80}
	EndGlobalSection
EndGlobal
